
Microsoft Visual Studio Solution File, Format Version 12.00
# Visual Studio Version 16
VisualStudioVersion = 16.0.29519.87
MinimumVisualStudioVersion = 10.0.40219.1
Project("{2150E333-8FDC-42A3-9474-1A3956D46DE8}") = "src", "src", "{240E79C5-99F9-458A-A113-0E46F3292E17}"
EndProject
Project("{9A19103F-16F7-4668-BE54-9A1E7A4F7556}") = "Runtime.InteropServices", "src\Runtime.InteropServices\Runtime.InteropServices.csproj", "{9B36972F-D9A3-4BF6-8A4A-956DEE9DE48E}"
EndProject
Project("{2150E333-8FDC-42A3-9474-1A3956D46DE8}") = "test", "test", "{FCD5B6B5-961E-4253-89A6-67B93B5ED5BB}"
EndProject
Project("{9A19103F-16F7-4668-BE54-9A1E7A4F7556}") = "Runtime.InteropServices.Tests", "test\Runtime.InteropServices.Tests\Runtime.InteropServices.Tests.csproj", "{A955B370-6B19-4863-82AB-2C116FA84D9C}"
EndProject
Project("{9A19103F-16F7-4668-BE54-9A1E7A4F7556}") = "WindowSystem", "src\WindowSystem\WindowSystem.csproj", "{5C796585-E4EA-4617-9EFD-71D5DFED5A10}"
EndProject
Project("{9A19103F-16F7-4668-BE54-9A1E7A4F7556}") = "WindowSystem.ManualTest", "test\WindowSystem.ManualTest\WindowSystem.ManualTest.csproj", "{06D7CF12-9D5E-48BC-A3A0-89C2FF6AC610}"
EndProject
Project("{9A19103F-16F7-4668-BE54-9A1E7A4F7556}") = "OpenGL.Context", "src\OpenGL.Context\OpenGL.Context.csproj", "{36107956-6C8F-4CAE-83C2-AD763E1F161C}"
EndProject
Project("{2150E333-8FDC-42A3-9474-1A3956D46DE8}") = "build", "build", "{E2AE1F03-6228-4EFC-A645-5B05CF041D15}"
EndProject
Project("{9A19103F-16F7-4668-BE54-9A1E7A4F7556}") = "MakeOpenGLInterop", "build\MakeOpenGLInterop\MakeOpenGLInterop.csproj", "{C661C6D3-9DFB-4D8D-B732-F76882B7D885}"
EndProject
Project("{9A19103F-16F7-4668-BE54-9A1E7A4F7556}") = "RasterGraphics", "src\RasterGraphics\RasterGraphics.csproj", "{443E3740-503F-4523-AF7B-08C2D1BFC325}"
EndProject
Project("{9A19103F-16F7-4668-BE54-9A1E7A4F7556}") = "GraphicsBackend", "src\GraphicsBackend\GraphicsBackend.csproj", "{A2A2ECBE-00A1-4AFD-AE47-27A2455EF916}"
EndProject
Project("{9A19103F-16F7-4668-BE54-9A1E7A4F7556}") = "OpenGL.Backend", "src\OpenGL.Backend\OpenGL.Backend.csproj", "{E04A054A-767B-433B-B578-459669403920}"
EndProject
Project("{9A19103F-16F7-4668-BE54-9A1E7A4F7556}") = "Tessellation", "src\Tessellation\Tessellation.csproj", "{722763C1-EAA6-4B6D-A1C7-2E688D028EA8}"
EndProject
Project("{9A19103F-16F7-4668-BE54-9A1E7A4F7556}") = "Tessellation.Tests", "test\Tessellation.Tests\Tessellation.Tests.csproj", "{B71C7DD8-8F53-47BE-9FAE-09CA8CBFBA68}"
EndProject
Project("{9A19103F-16F7-4668-BE54-9A1E7A4F7556}") = "Geometry", "src\Geometry\Geometry.csproj", "{5A68BECB-C01C-41E7-909C-19949F3D108C}"
EndProject
Project("{9A19103F-16F7-4668-BE54-9A1E7A4F7556}") = "Typography.Font", "src\Typography.Font\Typography.Font.csproj", "{0DC81886-89CE-4C7C-8560-73F59B94F9FB}"
EndProject
Project("{FAE04EC0-301F-11D3-BF4B-00C04F79EFBC}") = "Typography.Rasterization", "src\Typography.Rasterization\Typography.Rasterization.csproj", "{756DCB69-E224-4246-BB0F-7056225B5465}"
EndProject
Global
	GlobalSection(SolutionConfigurationPlatforms) = preSolution
		Debug|Any CPU = Debug|Any CPU
		Release|Any CPU = Release|Any CPU
	EndGlobalSection
	GlobalSection(ProjectConfigurationPlatforms) = postSolution
		{9B36972F-D9A3-4BF6-8A4A-956DEE9DE48E}.Debug|Any CPU.ActiveCfg = Debug|Any CPU
		{9B36972F-D9A3-4BF6-8A4A-956DEE9DE48E}.Debug|Any CPU.Build.0 = Debug|Any CPU
		{9B36972F-D9A3-4BF6-8A4A-956DEE9DE48E}.Release|Any CPU.ActiveCfg = Release|Any CPU
		{9B36972F-D9A3-4BF6-8A4A-956DEE9DE48E}.Release|Any CPU.Build.0 = Release|Any CPU
		{A955B370-6B19-4863-82AB-2C116FA84D9C}.Debug|Any CPU.ActiveCfg = Debug|Any CPU
		{A955B370-6B19-4863-82AB-2C116FA84D9C}.Debug|Any CPU.Build.0 = Debug|Any CPU
		{A955B370-6B19-4863-82AB-2C116FA84D9C}.Release|Any CPU.ActiveCfg = Release|Any CPU
		{A955B370-6B19-4863-82AB-2C116FA84D9C}.Release|Any CPU.Build.0 = Release|Any CPU
		{5C796585-E4EA-4617-9EFD-71D5DFED5A10}.Debug|Any CPU.ActiveCfg = Debug|Any CPU
		{5C796585-E4EA-4617-9EFD-71D5DFED5A10}.Debug|Any CPU.Build.0 = Debug|Any CPU
		{5C796585-E4EA-4617-9EFD-71D5DFED5A10}.Release|Any CPU.ActiveCfg = Release|Any CPU
		{5C796585-E4EA-4617-9EFD-71D5DFED5A10}.Release|Any CPU.Build.0 = Release|Any CPU
		{06D7CF12-9D5E-48BC-A3A0-89C2FF6AC610}.Debug|Any CPU.ActiveCfg = Debug|Any CPU
		{06D7CF12-9D5E-48BC-A3A0-89C2FF6AC610}.Debug|Any CPU.Build.0 = Debug|Any CPU
		{06D7CF12-9D5E-48BC-A3A0-89C2FF6AC610}.Release|Any CPU.ActiveCfg = Release|Any CPU
		{06D7CF12-9D5E-48BC-A3A0-89C2FF6AC610}.Release|Any CPU.Build.0 = Release|Any CPU
		{36107956-6C8F-4CAE-83C2-AD763E1F161C}.Debug|Any CPU.ActiveCfg = Debug|Any CPU
		{36107956-6C8F-4CAE-83C2-AD763E1F161C}.Debug|Any CPU.Build.0 = Debug|Any CPU
		{36107956-6C8F-4CAE-83C2-AD763E1F161C}.Release|Any CPU.ActiveCfg = Release|Any CPU
		{36107956-6C8F-4CAE-83C2-AD763E1F161C}.Release|Any CPU.Build.0 = Release|Any CPU
		{C661C6D3-9DFB-4D8D-B732-F76882B7D885}.Debug|Any CPU.ActiveCfg = Debug|Any CPU
		{C661C6D3-9DFB-4D8D-B732-F76882B7D885}.Debug|Any CPU.Build.0 = Debug|Any CPU
		{C661C6D3-9DFB-4D8D-B732-F76882B7D885}.Release|Any CPU.ActiveCfg = Release|Any CPU
		{C661C6D3-9DFB-4D8D-B732-F76882B7D885}.Release|Any CPU.Build.0 = Release|Any CPU
		{443E3740-503F-4523-AF7B-08C2D1BFC325}.Debug|Any CPU.ActiveCfg = Debug|Any CPU
		{443E3740-503F-4523-AF7B-08C2D1BFC325}.Debug|Any CPU.Build.0 = Debug|Any CPU
		{443E3740-503F-4523-AF7B-08C2D1BFC325}.Release|Any CPU.ActiveCfg = Release|Any CPU
		{443E3740-503F-4523-AF7B-08C2D1BFC325}.Release|Any CPU.Build.0 = Release|Any CPU
		{A2A2ECBE-00A1-4AFD-AE47-27A2455EF916}.Debug|Any CPU.ActiveCfg = Debug|Any CPU
		{A2A2ECBE-00A1-4AFD-AE47-27A2455EF916}.Debug|Any CPU.Build.0 = Debug|Any CPU
		{A2A2ECBE-00A1-4AFD-AE47-27A2455EF916}.Release|Any CPU.ActiveCfg = Release|Any CPU
		{A2A2ECBE-00A1-4AFD-AE47-27A2455EF916}.Release|Any CPU.Build.0 = Release|Any CPU
		{E04A054A-767B-433B-B578-459669403920}.Debug|Any CPU.ActiveCfg = Debug|Any CPU
		{E04A054A-767B-433B-B578-459669403920}.Debug|Any CPU.Build.0 = Debug|Any CPU
		{E04A054A-767B-433B-B578-459669403920}.Release|Any CPU.ActiveCfg = Release|Any CPU
		{E04A054A-767B-433B-B578-459669403920}.Release|Any CPU.Build.0 = Release|Any CPU
		{722763C1-EAA6-4B6D-A1C7-2E688D028EA8}.Debug|Any CPU.ActiveCfg = Debug|Any CPU
		{722763C1-EAA6-4B6D-A1C7-2E688D028EA8}.Debug|Any CPU.Build.0 = Debug|Any CPU
		{722763C1-EAA6-4B6D-A1C7-2E688D028EA8}.Release|Any CPU.ActiveCfg = Release|Any CPU
		{722763C1-EAA6-4B6D-A1C7-2E688D028EA8}.Release|Any CPU.Build.0 = Release|Any CPU
		{B71C7DD8-8F53-47BE-9FAE-09CA8CBFBA68}.Debug|Any CPU.ActiveCfg = Debug|Any CPU
		{B71C7DD8-8F53-47BE-9FAE-09CA8CBFBA68}.Debug|Any CPU.Build.0 = Debug|Any CPU
		{B71C7DD8-8F53-47BE-9FAE-09CA8CBFBA68}.Release|Any CPU.ActiveCfg = Release|Any CPU
		{B71C7DD8-8F53-47BE-9FAE-09CA8CBFBA68}.Release|Any CPU.Build.0 = Release|Any CPU
		{5A68BECB-C01C-41E7-909C-19949F3D108C}.Debug|Any CPU.ActiveCfg = Debug|Any CPU
		{5A68BECB-C01C-41E7-909C-19949F3D108C}.Debug|Any CPU.Build.0 = Debug|Any CPU
		{5A68BECB-C01C-41E7-909C-19949F3D108C}.Release|Any CPU.ActiveCfg = Release|Any CPU
		{5A68BECB-C01C-41E7-909C-19949F3D108C}.Release|Any CPU.Build.0 = Release|Any CPU
		{0DC81886-89CE-4C7C-8560-73F59B94F9FB}.Debug|Any CPU.ActiveCfg = Debug|Any CPU
		{0DC81886-89CE-4C7C-8560-73F59B94F9FB}.Debug|Any CPU.Build.0 = Debug|Any CPU
		{0DC81886-89CE-4C7C-8560-73F59B94F9FB}.Release|Any CPU.ActiveCfg = Release|Any CPU
		{0DC81886-89CE-4C7C-8560-73F59B94F9FB}.Release|Any CPU.Build.0 = Release|Any CPU
		{756DCB69-E224-4246-BB0F-7056225B5465}.Debug|Any CPU.ActiveCfg = Debug|Any CPU
		{756DCB69-E224-4246-BB0F-7056225B5465}.Debug|Any CPU.Build.0 = Debug|Any CPU
		{756DCB69-E224-4246-BB0F-7056225B5465}.Release|Any CPU.ActiveCfg = Release|Any CPU
		{756DCB69-E224-4246-BB0F-7056225B5465}.Release|Any CPU.Build.0 = Release|Any CPU
	EndGlobalSection
	GlobalSection(SolutionProperties) = preSolution
		HideSolutionNode = FALSE
	EndGlobalSection
	GlobalSection(NestedProjects) = preSolution
		{9B36972F-D9A3-4BF6-8A4A-956DEE9DE48E} = {240E79C5-99F9-458A-A113-0E46F3292E17}
		{A955B370-6B19-4863-82AB-2C116FA84D9C} = {FCD5B6B5-961E-4253-89A6-67B93B5ED5BB}
		{5C796585-E4EA-4617-9EFD-71D5DFED5A10} = {240E79C5-99F9-458A-A113-0E46F3292E17}
		{06D7CF12-9D5E-48BC-A3A0-89C2FF6AC610} = {FCD5B6B5-961E-4253-89A6-67B93B5ED5BB}
		{36107956-6C8F-4CAE-83C2-AD763E1F161C} = {240E79C5-99F9-458A-A113-0E46F3292E17}
		{C661C6D3-9DFB-4D8D-B732-F76882B7D885} = {E2AE1F03-6228-4EFC-A645-5B05CF041D15}
		{443E3740-503F-4523-AF7B-08C2D1BFC325} = {240E79C5-99F9-458A-A113-0E46F3292E17}
		{A2A2ECBE-00A1-4AFD-AE47-27A2455EF916} = {240E79C5-99F9-458A-A113-0E46F3292E17}
		{E04A054A-767B-433B-B578-459669403920} = {240E79C5-99F9-458A-A113-0E46F3292E17}
		{722763C1-EAA6-4B6D-A1C7-2E688D028EA8} = {240E79C5-99F9-458A-A113-0E46F3292E17}
		{B71C7DD8-8F53-47BE-9FAE-09CA8CBFBA68} = {FCD5B6B5-961E-4253-89A6-67B93B5ED5BB}
		{5A68BECB-C01C-41E7-909C-19949F3D108C} = {240E79C5-99F9-458A-A113-0E46F3292E17}
		{0DC81886-89CE-4C7C-8560-73F59B94F9FB} = {240E79C5-99F9-458A-A113-0E46F3292E17}
		{756DCB69-E224-4246-BB0F-7056225B5465} = {240E79C5-99F9-458A-A113-0E46F3292E17}
	EndGlobalSection
	GlobalSection(ExtensibilityGlobals) = postSolution
		SolutionGuid = {D77C5DCD-21D7-4A13-ADA3-237857B51B7F}
	EndGlobalSection
EndGlobal
